// !$*UTF8*$!
{
	archiveVersion = 1;
	classes = {
	};
	objectVersion = 55;
	objects = {

/* Begin PBXBuildFile section */
		F5207FB689CAEC7346882839 /* libPods-ListCEOs.a in Frameworks */ = {isa = PBXBuildFile; fileRef = 95FDFC0D7BAECBFF749E13AA /* libPods-ListCEOs.a */; };
		F8A2A93727E9298D00B9B101 /* AppDelegate.swift in Sources */ = {isa = PBXBuildFile; fileRef = F8A2A93627E9298D00B9B101 /* AppDelegate.swift */; };
		F8A2A93927E9298D00B9B101 /* SceneDelegate.swift in Sources */ = {isa = PBXBuildFile; fileRef = F8A2A93827E9298D00B9B101 /* SceneDelegate.swift */; };
		F8A2A93B27E9298D00B9B101 /* ViewController.swift in Sources */ = {isa = PBXBuildFile; fileRef = F8A2A93A27E9298D00B9B101 /* ViewController.swift */; };
		F8A2A93E27E9298D00B9B101 /* Main.storyboard in Resources */ = {isa = PBXBuildFile; fileRef = F8A2A93C27E9298D00B9B101 /* Main.storyboard */; };
		F8A2A94027E9298F00B9B101 /* Assets.xcassets in Resources */ = {isa = PBXBuildFile; fileRef = F8A2A93F27E9298F00B9B101 /* Assets.xcassets */; };
		F8A2A94327E9298F00B9B101 /* LaunchScreen.storyboard in Resources */ = {isa = PBXBuildFile; fileRef = F8A2A94127E9298F00B9B101 /* LaunchScreen.storyboard */; };
		F8A2A94C27E92A0100B9B101 /* PersonTableViewCell.swift in Sources */ = {isa = PBXBuildFile; fileRef = F8A2A94A27E92A0100B9B101 /* PersonTableViewCell.swift */; };
		F8A2A94D27E92A0100B9B101 /* PersonTableViewCell.xib in Resources */ = {isa = PBXBuildFile; fileRef = F8A2A94B27E92A0100B9B101 /* PersonTableViewCell.xib */; };
		F8A2A95127E92DE500B9B101 /* UIImageView+extension.swift in Sources */ = {isa = PBXBuildFile; fileRef = F8A2A95027E92DE500B9B101 /* UIImageView+extension.swift */; };
		F8A2A95627E92E7B00B9B101 /* ApiService.swift in Sources */ = {isa = PBXBuildFile; fileRef = F8A2A95527E92E7B00B9B101 /* ApiService.swift */; };
		F8A2A95A27E92EB000B9B101 /* Person.swift in Sources */ = {isa = PBXBuildFile; fileRef = F8A2A95927E92EB000B9B101 /* Person.swift */; };
/* End PBXBuildFile section */

/* Begin PBXFileReference section */
		1858659F0829E4A9F59EDD78 /* Pods-ListCEOs.debug.xcconfig */ = {isa = PBXFileReference; includeInIndex = 1; lastKnownFileType = text.xcconfig; name = "Pods-ListCEOs.debug.xcconfig"; path = "Target Support Files/Pods-ListCEOs/Pods-ListCEOs.debug.xcconfig"; sourceTree = "<group>"; };
		95FDFC0D7BAECBFF749E13AA /* libPods-ListCEOs.a */ = {isa = PBXFileReference; explicitFileType = archive.ar; includeInIndex = 0; path = "libPods-ListCEOs.a"; sourceTree = BUILT_PRODUCTS_DIR; };
		E9559999C7165C000B3207D8 /* Pods-ListCEOs.release.xcconfig */ = {isa = PBXFileReference; includeInIndex = 1; lastKnownFileType = text.xcconfig; name = "Pods-ListCEOs.release.xcconfig"; path = "Target Support Files/Pods-ListCEOs/Pods-ListCEOs.release.xcconfig"; sourceTree = "<group>"; };
		F8A2A93327E9298D00B9B101 /* ListCEOs.app */ = {isa = PBXFileReference; explicitFileType = wrapper.application; includeInIndex = 0; path = ListCEOs.app; sourceTree = BUILT_PRODUCTS_DIR; };
		F8A2A93627E9298D00B9B101 /* AppDelegate.swift */ = {isa = PBXFileReference; lastKnownFileType = sourcecode.swift; path = AppDelegate.swift; sourceTree = "<group>"; };
		F8A2A93827E9298D00B9B101 /* SceneDelegate.swift */ = {isa = PBXFileReference; lastKnownFileType = sourcecode.swift; path = SceneDelegate.swift; sourceTree = "<group>"; };
		F8A2A93A27E9298D00B9B101 /* ViewController.swift */ = {isa = PBXFileReference; lastKnownFileType = sourcecode.swift; path = ViewController.swift; sourceTree = "<group>"; };
		F8A2A93D27E9298D00B9B101 /* Base */ = {isa = PBXFileReference; lastKnownFileType = file.storyboard; name = Base; path = Base.lproj/Main.storyboard; sourceTree = "<group>"; };
		F8A2A93F27E9298F00B9B101 /* Assets.xcassets */ = {isa = PBXFileReference; lastKnownFileType = folder.assetcatalog; path = Assets.xcassets; sourceTree = "<group>"; };
		F8A2A94227E9298F00B9B101 /* Base */ = {isa = PBXFileReference; lastKnownFileType = file.storyboard; name = Base; path = Base.lproj/LaunchScreen.storyboard; sourceTree = "<group>"; };
		F8A2A94427E9298F00B9B101 /* Info.plist */ = {isa = PBXFileReference; lastKnownFileType = text.plist.xml; path = Info.plist; sourceTree = "<group>"; };
		F8A2A94A27E92A0100B9B101 /* PersonTableViewCell.swift */ = {isa = PBXFileReference; lastKnownFileType = sourcecode.swift; path = PersonTableViewCell.swift; sourceTree = "<group>"; };
		F8A2A94B27E92A0100B9B101 /* PersonTableViewCell.xib */ = {isa = PBXFileReference; lastKnownFileType = file.xib; path = PersonTableViewCell.xib; sourceTree = "<group>"; };
		F8A2A95027E92DE500B9B101 /* UIImageView+extension.swift */ = {isa = PBXFileReference; lastKnownFileType = sourcecode.swift; path = "UIImageView+extension.swift"; sourceTree = "<group>"; };
		F8A2A95527E92E7B00B9B101 /* ApiService.swift */ = {isa = PBXFileReference; lastKnownFileType = sourcecode.swift; path = ApiService.swift; sourceTree = "<group>"; };
		F8A2A95927E92EB000B9B101 /* Person.swift */ = {isa = PBXFileReference; lastKnownFileType = sourcecode.swift; path = Person.swift; sourceTree = "<group>"; };
/* End PBXFileReference section */

/* Begin PBXFrameworksBuildPhase section */
		F8A2A93027E9298D00B9B101 /* Frameworks */ = {
			isa = PBXFrameworksBuildPhase;
			buildActionMask = 2147483647;
			files = (
				F5207FB689CAEC7346882839 /* libPods-ListCEOs.a in Frameworks */,
			);
			runOnlyForDeploymentPostprocessing = 0;
		};
/* End PBXFrameworksBuildPhase section */

/* Begin PBXGroup section */
		D4F45AA6084267035165B63B /* Pods */ = {
			isa = PBXGroup;
			children = (
				1858659F0829E4A9F59EDD78 /* Pods-ListCEOs.debug.xcconfig */,
				E9559999C7165C000B3207D8 /* Pods-ListCEOs.release.xcconfig */,
			);
			path = Pods;
			sourceTree = "<group>";
		};
		DF8C761EF7777771D4E682DC /* Frameworks */ = {
			isa = PBXGroup;
			children = (
				95FDFC0D7BAECBFF749E13AA /* libPods-ListCEOs.a */,
			);
			name = Frameworks;
			sourceTree = "<group>";
		};
		F8A2A92A27E9298D00B9B101 = {
			isa = PBXGroup;
			children = (
				F8A2A93527E9298D00B9B101 /* ListCEOs */,
				F8A2A93427E9298D00B9B101 /* Products */,
				D4F45AA6084267035165B63B /* Pods */,
				DF8C761EF7777771D4E682DC /* Frameworks */,
			);
			sourceTree = "<group>";
		};
		F8A2A93427E9298D00B9B101 /* Products */ = {
			isa = PBXGroup;
			children = (
				F8A2A93327E9298D00B9B101 /* ListCEOs.app */,
			);
			name = Products;
			sourceTree = "<group>";
		};
		F8A2A93527E9298D00B9B101 /* ListCEOs */ = {
			isa = PBXGroup;
			children = (
				F8A2A95727E92EA000B9B101 /* Model */,
				F8A2A95227E92E0A00B9B101 /* Networking */,
				F8A2A94F27E92DD300B9B101 /* Extension */,
				F8A2A93627E9298D00B9B101 /* AppDelegate.swift */,
				F8A2A93827E9298D00B9B101 /* SceneDelegate.swift */,
				F8A2A93A27E9298D00B9B101 /* ViewController.swift */,
				F8A2A93C27E9298D00B9B101 /* Main.storyboard */,
				F8A2A94E27E92A0A00B9B101 /* Cell */,
				F8A2A93F27E9298F00B9B101 /* Assets.xcassets */,
				F8A2A94127E9298F00B9B101 /* LaunchScreen.storyboard */,
				F8A2A94427E9298F00B9B101 /* Info.plist */,
			);
			path = ListCEOs;
			sourceTree = "<group>";
		};
		F8A2A94E27E92A0A00B9B101 /* Cell */ = {
			isa = PBXGroup;
			children = (
				F8A2A94A27E92A0100B9B101 /* PersonTableViewCell.swift */,
				F8A2A94B27E92A0100B9B101 /* PersonTableViewCell.xib */,
			);
			path = Cell;
			sourceTree = "<group>";
		};
		F8A2A94F27E92DD300B9B101 /* Extension */ = {
			isa = PBXGroup;
			children = (
				F8A2A95027E92DE500B9B101 /* UIImageView+extension.swift */,
			);
			path = Extension;
			sourceTree = "<group>";
		};
		F8A2A95227E92E0A00B9B101 /* Networking */ = {
			isa = PBXGroup;
			children = (
				F8A2A95527E92E7B00B9B101 /* ApiService.swift */,
			);
			path = Networking;
			sourceTree = "<group>";
		};
		F8A2A95727E92EA000B9B101 /* Model */ = {
			isa = PBXGroup;
			children = (
				F8A2A95927E92EB000B9B101 /* Person.swift */,
			);
			path = Model;
			sourceTree = "<group>";
		};
/* End PBXGroup section */

/* Begin PBXNativeTarget section */
		F8A2A93227E9298D00B9B101 /* ListCEOs */ = {
			isa = PBXNativeTarget;
			buildConfigurationList = F8A2A94727E9298F00B9B101 /* Build configuration list for PBXNativeTarget "ListCEOs" */;
			buildPhases = (
				C7C0CDCD1D49E5006483ED34 /* [CP] Check Pods Manifest.lock */,
				F8A2A92F27E9298D00B9B101 /* Sources */,
				F8A2A93027E9298D00B9B101 /* Frameworks */,
				F8A2A93127E9298D00B9B101 /* Resources */,
			);
			buildRules = (
			);
			dependencies = (
			);
			name = ListCEOs;
			productName = ListCEOs;
			productReference = F8A2A93327E9298D00B9B101 /* ListCEOs.app */;
			productType = "com.apple.product-type.application";
		};
/* End PBXNativeTarget section */

/* Begin PBXProject section */
		F8A2A92B27E9298D00B9B101 /* Project object */ = {
			isa = PBXProject;
			attributes = {
				BuildIndependentTargetsInParallel = 1;
				LastSwiftUpdateCheck = 1330;
				LastUpgradeCheck = 1330;
				TargetAttributes = {
					F8A2A93227E9298D00B9B101 = {
						CreatedOnToolsVersion = 13.3;
					};
				};
			};
			buildConfigurationList = F8A2A92E27E9298D00B9B101 /* Build configuration list for PBXProject "ListCEOs" */;
			compatibilityVersion = "Xcode 13.0";
			developmentRegion = en;
			hasScannedForEncodings = 0;
			knownRegions = (
				en,
				Base,
			);
			mainGroup = F8A2A92A27E9298D00B9B101;
			productRefGroup = F8A2A93427E9298D00B9B101 /* Products */;
			projectDirPath = "";
			projectRoot = "";
			targets = (
				F8A2A93227E9298D00B9B101 /* ListCEOs */,
			);
		};
/* End PBXProject section */

/* Begin PBXResourcesBuildPhase section */
		F8A2A93127E9298D00B9B101 /* Resources */ = {
			isa = PBXResourcesBuildPhase;
			buildActionMask = 2147483647;
			files = (
				F8A2A94327E9298F00B9B101 /* LaunchScreen.storyboard in Resources */,
				F8A2A94027E9298F00B9B101 /* Assets.xcassets in Resources */,
				F8A2A94D27E92A0100B9B101 /* PersonTableViewCell.xib in Resources */,
				F8A2A93E27E9298D00B9B101 /* Main.storyboard in Resources */,
			);
			runOnlyForDeploymentPostprocessing = 0;
		};
/* End PBXResourcesBuildPhase section */

/* Begin PBXShellScriptBuildPhase section */
		C7C0CDCD1D49E5006483ED34 /* [CP] Check Pods Manifest.lock */ = {
			isa = PBXShellScriptBuildPhase;
			buildActionMask = 2147483647;
			files = (
			);
			inputFileListPaths = (
			);
			inputPaths = (
				"${PODS_PODFILE_DIR_PATH}/Podfile.lock",
				"${PODS_ROOT}/Manifest.lock",
			);
			name = "[CP] Check Pods Manifest.lock";
			outputFileListPaths = (
			);
			outputPaths = (
				"$(DERIVED_FILE_DIR)/Pods-ListCEOs-checkManifestLockResult.txt",
			);
			runOnlyForDeploymentPostprocessing = 0;
			shellPath = /bin/sh;
			shellScript = "diff \"${PODS_PODFILE_DIR_PATH}/Podfile.lock\" \"${PODS_ROOT}/Manifest.lock\" > /dev/null\nif [ $? != 0 ] ; then\n    # print error to STDERR\n    echo \"error: The sandbox is not in sync with the Podfile.lock. Run 'pod install' or update your CocoaPods installation.\" >&2\n    exit 1\nfi\n# This output is used by Xcode 'outputs' to avoid re-running this script phase.\necho \"SUCCESS\" > \"${SCRIPT_OUTPUT_FILE_0}\"\n";
			showEnvVarsInLog = 0;
		};
/* End PBXShellScriptBuildPhase section */

/* Begin PBXSourcesBuildPhase section */
		F8A2A92F27E9298D00B9B101 /* Sources */ = {
			isa = PBXSourcesBuildPhase;
			buildActionMask = 2147483647;
			files = (
				F8A2A95127E92DE500B9B101 /* UIImageView+extension.swift in Sources */,
				F8A2A93B27E9298D00B9B101 /* ViewController.swift in Sources */,
				F8A2A95627E92E7B00B9B101 /* ApiService.swift in Sources */,
				F8A2A93727E9298D00B9B101 /* AppDelegate.swift in Sources */,
				F8A2A95A27E92EB000B9B101 /* Person.swift in Sources */,
				F8A2A94C27E92A0100B9B101 /* PersonTableViewCell.swift in Sources */,
				F8A2A93927E9298D00B9B101 /* SceneDelegate.swift in Sources */,
			);
			runOnlyForDeploymentPostprocessing = 0;
		};
/* End PBXSourcesBuildPhase section */

/* Begin PBXVariantGroup section */
		F8A2A93C27E9298D00B9B101 /* Main.storyboard */ = {
			isa = PBXVariantGroup;
			children = (
				F8A2A93D27E9298D00B9B101 /* Base */,
			);
			name = Main.storyboard;
			sourceTree = "<group>";
		};
		F8A2A94127E9298F00B9B101 /* LaunchScreen.storyboard */ = {
			isa = PBXVariantGroup;
			children = (
				F8A2A94227E9298F00B9B101 /* Base */,
			);
			name = LaunchScreen.storyboard;
			sourceTree = "<group>";
		};
/* End PBXVariantGroup section */

/* Begin XCBuildConfiguration section */
		F8A2A94527E9298F00B9B101 /* Debug */ = {
			isa = XCBuildConfiguration;
			buildSettings = {
				ALWAYS_SEARCH_USER_PATHS = NO;
				CLANG_ANALYZER_NONNULL = YES;
				CLANG_ANALYZER_NUMBER_OBJECT_CONVERSION = YES_AGGRESSIVE;
				CLANG_CXX_LANGUAGE_STANDARD = "gnu++17";
				CLANG_ENABLE_MODULES = YES;
				CLANG_ENABLE_OBJC_ARC = YES;
				CLANG_ENABLE_OBJC_WEAK = YES;
				CLANG_WARN_BLOCK_CAPTURE_AUTORELEASING = YES;
				CLANG_WARN_BOOL_CONVERSION = YES;
				CLANG_WARN_COMMA = YES;
				CLANG_WARN_CONSTANT_CONVERSION = YES;
				CLANG_WARN_DEPRECATED_OBJC_IMPLEMENTATIONS = YES;
				CLANG_WARN_DIRECT_OBJC_ISA_USAGE = YES_ERROR;
				CLANG_WARN_DOCUMENTATION_COMMENTS = YES;
				CLANG_WARN_EMPTY_BODY = YES;
				CLANG_WARN_ENUM_CONVERSION = YES;
				CLANG_WARN_INFINITE_RECURSION = YES;
				CLANG_WARN_INT_CONVERSION = YES;
				CLANG_WARN_NON_LITERAL_NULL_CONVERSION = YES;
				CLANG_WARN_OBJC_IMPLICIT_RETAIN_SELF = YES;
				CLANG_WARN_OBJC_LITERAL_CONVERSION = YES;
				CLANG_WARN_OBJC_ROOT_CLASS = YES_ERROR;
				CLANG_WARN_QUOTED_INCLUDE_IN_FRAMEWORK_HEADER = YES;
				CLANG_WARN_RANGE_LOOP_ANALYSIS = YES;
				CLANG_WARN_STRICT_PROTOTYPES = YES;
				CLANG_WARN_SUSPICIOUS_MOVE = YES;
				CLANG_WARN_UNGUARDED_AVAILABILITY = YES_AGGRESSIVE;
				CLANG_WARN_UNREACHABLE_CODE = YES;
				CLANG_WARN__DUPLICATE_METHOD_MATCH = YES;
				COPY_PHASE_STRIP = NO;
				DEBUG_INFORMATION_FORMAT = dwarf;
				ENABLE_STRICT_OBJC_MSGSEND = YES;
				ENABLE_TESTABILITY = YES;
				GCC_C_LANGUAGE_STANDARD = gnu11;
				GCC_DYNAMIC_NO_PIC = NO;
				GCC_NO_COMMON_BLOCKS = YES;
				GCC_OPTIMIZATION_LEVEL = 0;
				GCC_PREPROCESSOR_DEFINITIONS = (
					"DEBUG=1",
					"$(inherited)",
				);
				GCC_WARN_64_TO_32_BIT_CONVERSION = YES;
				GCC_WARN_ABOUT_RETURN_TYPE = YES_ERROR;
				GCC_WARN_UNDECLARED_SELECTOR = YES;
				GCC_WARN_UNINITIALIZED_AUTOS = YES_AGGRESSIVE;
				GCC_WARN_UNUSED_FUNCTION = YES;
				GCC_WARN_UNUSED_VARIABLE = YES;
				IPHONEOS_DEPLOYMENT_TARGET = 15.4;
				MTL_ENABLE_DEBUG_INFO = INCLUDE_SOURCE;
				MTL_FAST_MATH = YES;
				ONLY_ACTIVE_ARCH = YES;
				SDKROOT = iphoneos;
				SWIFT_ACTIVE_COMPILATION_CONDITIONS = DEBUG;
				SWIFT_OPTIMIZATION_LEVEL = "-Onone";
			};
			name = Debug;
		};
		F8A2A94627E9298F00B9B101 /* Release */ = {
			isa = XCBuildConfiguration;
			buildSettings = {
				ALWAYS_SEARCH_USER_PATHS = NO;
				CLANG_ANALYZER_NONNULL = YES;
				CLANG_ANALYZER_NUMBER_OBJECT_CONVERSION = YES_AGGRESSIVE;
				CLANG_CXX_LANGUAGE_STANDARD = "gnu++17";
				CLANG_ENABLE_MODULES = YES;
				CLANG_ENABLE_OBJC_ARC = YES;
				CLANG_ENABLE_OBJC_WEAK = YES;
				CLANG_WARN_BLOCK_CAPTURE_AUTORELEASING = YES;
				CLANG_WARN_BOOL_CONVERSION = YES;
				CLANG_WARN_COMMA = YES;
				CLANG_WARN_CONSTANT_CONVERSION = YES;
				CLANG_WARN_DEPRECATED_OBJC_IMPLEMENTATIONS = YES;
				CLANG_WARN_DIRECT_OBJC_ISA_USAGE = YES_ERROR;
				CLANG_WARN_DOCUMENTATION_COMMENTS = YES;
				CLANG_WARN_EMPTY_BODY = YES;
				CLANG_WARN_ENUM_CONVERSION = YES;
				CLANG_WARN_INFINITE_RECURSION = YES;
				CLANG_WARN_INT_CONVERSION = YES;
				CLANG_WARN_NON_LITERAL_NULL_CONVERSION = YES;
				CLANG_WARN_OBJC_IMPLICIT_RETAIN_SELF = YES;
				CLANG_WARN_OBJC_LITERAL_CONVERSION = YES;
				CLANG_WARN_OBJC_ROOT_CLASS = YES_ERROR;
				CLANG_WARN_QUOTED_INCLUDE_IN_FRAMEWORK_HEADER = YES;
				CLANG_WARN_RANGE_LOOP_ANALYSIS = YES;
				CLANG_WARN_STRICT_PROTOTYPES = YES;
				CLANG_WARN_SUSPICIOUS_MOVE = YES;
				CLANG_WARN_UNGUARDED_AVAILABILITY = YES_AGGRESSIVE;
				CLANG_WARN_UNREACHABLE_CODE = YES;
				CLANG_WARN__DUPLICATE_METHOD_MATCH = YES;
				COPY_PHASE_STRIP = NO;
				DEBUG_INFORMATION_FORMAT = "dwarf-with-dsym";
				ENABLE_NS_ASSERTIONS = NO;
				ENABLE_STRICT_OBJC_MSGSEND = YES;
				GCC_C_LANGUAGE_STANDARD = gnu11;
				GCC_NO_COMMON_BLOCKS = YES;
				GCC_WARN_64_TO_32_BIT_CONVERSION = YES;
				GCC_WARN_ABOUT_RETURN_TYPE = YES_ERROR;
				GCC_WARN_UNDECLARED_SELECTOR = YES;
				GCC_WARN_UNINITIALIZED_AUTOS = YES_AGGRESSIVE;
				GCC_WARN_UNUSED_FUNCTION = YES;
				GCC_WARN_UNUSED_VARIABLE = YES;
				IPHONEOS_DEPLOYMENT_TARGET = 15.4;
				MTL_ENABLE_DEBUG_INFO = NO;
				MTL_FAST_MATH = YES;
				SDKROOT = iphoneos;
				SWIFT_COMPILATION_MODE = wholemodule;
				SWIFT_OPTIMIZATION_LEVEL = "-O";
				VALIDATE_PRODUCT = YES;
			};
			name = Release;
		};
		F8A2A94827E9298F00B9B101 /* Debug */ = {
			isa = XCBuildConfiguration;
			baseConfigurationReference = 1858659F0829E4A9F59EDD78 /* Pods-ListCEOs.debug.xcconfig */;
			buildSettings = {
				ASSETCATALOG_COMPILER_APPICON_NAME = AppIcon;
				ASSETCATALOG_COMPILER_GLOBAL_ACCENT_COLOR_NAME = AccentColor;
				CODE_SIGN_STYLE = Automatic;
				CURRENT_PROJECT_VERSION = 1;
				DEVELOPMENT_TEAM = 473AAT6556;
				GENERATE_INFOPLIST_FILE = YES;
				INFOPLIST_FILE = ListCEOs/Info.plist;
				INFOPLIST_KEY_UIApplicationSupportsIndirectInputEvents = YES;
				INFOPLIST_KEY_UILaunchStoryboardName = LaunchScreen;
				INFOPLIST_KEY_UIMainStoryboardFile = Main;
				INFOPLIST_KEY_UISupportedInterfaceOrientations_iPad = "UIInterfaceOrientationPortrait UIInterfaceOrientationPortraitUpsideDown UIInterfaceOrientationLandscapeLeft UIInterfaceOrientationLandscapeRight";
				INFOPLIST_KEY_UISupportedInterfaceOrientations_iPhone = "UIInterfaceOrientationPortrait UIInterfaceOrientationLandscapeLeft UIInterfaceOrientationLandscapeRight";
				LD_RUNPATH_SEARCH_PATHS = (
					"$(inherited)",
					"@executable_path/Frameworks",
				);
				MARKETING_VERSION = 1.0;
				PRODUCT_BUNDLE_IDENTIFIER = dev.matheuslenke2.ListCEOs;
				PRODUCT_NAME = "$(TARGET_NAME)";
				SWIFT_EMIT_LOC_STRINGS = YES;
				SWIFT_VERSION = 5.0;
				TARGETED_DEVICE_FAMILY = "1,2";
			};
			name = Debug;
		};
		F8A2A94927E9298F00B9B101 /* Release */ = {
			isa = XCBuildConfiguration;
			baseConfigurationReference = E9559999C7165C000B3207D8 /* Pods-ListCEOs.release.xcconfig */;
			buildSettings = {
				ASSETCATALOG_COMPILER_APPICON_NAME = AppIcon;
				ASSETCATALOG_COMPILER_GLOBAL_ACCENT_COLOR_NAME = AccentColor;
				CODE_SIGN_STYLE = Automatic;
				CURRENT_PROJECT_VERSION = 1;
				DEVELOPMENT_TEAM = 473AAT6556;
				GENERATE_INFOPLIST_FILE = YES;
				INFOPLIST_FILE = ListCEOs/Info.plist;
				INFOPLIST_KEY_UIApplicationSupportsIndirectInputEvents = YES;
				INFOPLIST_KEY_UILaunchStoryboardName = LaunchScreen;
				INFOPLIST_KEY_UIMainStoryboardFile = Main;
				INFOPLIST_KEY_UISupportedInterfaceOrientations_iPad = "UIInterfaceOrientationPortrait UIInterfaceOrientationPortraitUpsideDown UIInterfaceOrientationLandscapeLeft UIInterfaceOrientationLandscapeRight";
				INFOPLIST_KEY_UISupportedInterfaceOrientations_iPhone = "UIInterfaceOrientationPortrait UIInterfaceOrientationLandscapeLeft UIInterfaceOrientationLandscapeRight";
				LD_RUNPATH_SEARCH_PATHS = (
					"$(inherited)",
					"@executable_path/Frameworks",
				);
				MARKETING_VERSION = 1.0;
				PRODUCT_BUNDLE_IDENTIFIER = dev.matheuslenke2.ListCEOs;
				PRODUCT_NAME = "$(TARGET_NAME)";
				SWIFT_EMIT_LOC_STRINGS = YES;
				SWIFT_VERSION = 5.0;
				TARGETED_DEVICE_FAMILY = "1,2";
			};
			name = Release;
		};
/* End XCBuildConfiguration section */

/* Begin XCConfigurationList section */
		F8A2A92E27E9298D00B9B101 /* Build configuration list for PBXProject "ListCEOs" */ = {
			isa = XCConfigurationList;
			buildConfigurations = (
				F8A2A94527E9298F00B9B101 /* Debug */,
				F8A2A94627E9298F00B9B101 /* Release */,
			);
			defaultConfigurationIsVisible = 0;
			defaultConfigurationName = Release;
		};
		F8A2A94727E9298F00B9B101 /* Build configuration list for PBXNativeTarget "ListCEOs" */ = {
			isa = XCConfigurationList;
			buildConfigurations = (
				F8A2A94827E9298F00B9B101 /* Debug */,
				F8A2A94927E9298F00B9B101 /* Release */,
			);
			defaultConfigurationIsVisible = 0;
			defaultConfigurationName = Release;
		};
/* End XCConfigurationList section */
	};
	rootObject = F8A2A92B27E9298D00B9B101 /* Project object */;
}
